
Microsoft Visual Studio Solution File, Format Version 12.00
# Visual Studio Version 17
VisualStudioVersion = 17.5.33516.290
MinimumVisualStudioVersion = 10.0.40219.1
Project("{9A19103F-16F7-4668-BE54-9A1E7A4F7556}") = "eShopSolution.WebApp", "eShopSolution.WebApp\eShopSolution.WebApp.csproj", "{D9E3F338-D8CF-4C34-B3C9-FF2B00C85BD1}"
EndProject
Project("{2150E333-8FDC-42A3-9474-1A3956D46DE8}") = "0.Solution Items", "0.Solution Items", "{FAD9E7F7-7615-4ECB-822D-2A5E0B869AB8}"
	ProjectSection(SolutionItems) = preProject
		README.md = README.md
	EndProjectSection
EndProject
Project("{9A19103F-16F7-4668-BE54-9A1E7A4F7556}") = "eShopSolution.Data", "eShopSolution.Data\eShopSolution.Data.csproj", "{054E710B-450E-433D-997B-DFB6FC89384A}"
EndProject
Project("{9A19103F-16F7-4668-BE54-9A1E7A4F7556}") = "eShopSolution.Application", "eShopSolution.Application\eShopSolution.Application.csproj", "{AC104854-51F6-4030-BBC2-C39896897EB1}"
EndProject
Project("{9A19103F-16F7-4668-BE54-9A1E7A4F7556}") = "eShopSolution.Utilities", "eShopSolution.Utilities\eShopSolution.Utilities.csproj", "{A8F30CF6-3462-4C5F-B142-C5B0FABD6ECE}"
EndProject
Project("{9A19103F-16F7-4668-BE54-9A1E7A4F7556}") = "eShopSolution.ViewModels", "eShopSolution.ViewModels\eShopSolution.ViewModels.csproj", "{C2FE712E-BD49-4D61-9BAA-7903E567A83A}"
EndProject
Project("{FAE04EC0-301F-11D3-BF4B-00C04F79EFBC}") = "eShopSolution.BackEndAPI", "eShopSolution.BackEndAPI\eShopSolution.BackEndAPI.csproj", "{3225FF69-B2BF-403D-A252-0EA910665D64}"
EndProject
Project("{2150E333-8FDC-42A3-9474-1A3956D46DE8}") = "1.Infrastracture", "1.Infrastracture", "{6B0E1667-58FD-4BD3-805C-6F4252D047AC}"
EndProject
Project("{2150E333-8FDC-42A3-9474-1A3956D46DE8}") = "2.Doman", "2.Doman", "{36325943-A908-43C1-9DE2-6AB444F7442C}"
EndProject
Project("{2150E333-8FDC-42A3-9474-1A3956D46DE8}") = "3.Host", "3.Host", "{7AD95285-9FA4-487D-B76A-C80D4177DD16}"
EndProject
Global
	GlobalSection(SolutionConfigurationPlatforms) = preSolution
		Debug|Any CPU = Debug|Any CPU
		Release|Any CPU = Release|Any CPU
	EndGlobalSection
	GlobalSection(ProjectConfigurationPlatforms) = postSolution
		{D9E3F338-D8CF-4C34-B3C9-FF2B00C85BD1}.Debug|Any CPU.ActiveCfg = Debug|Any CPU
		{D9E3F338-D8CF-4C34-B3C9-FF2B00C85BD1}.Debug|Any CPU.Build.0 = Debug|Any CPU
		{D9E3F338-D8CF-4C34-B3C9-FF2B00C85BD1}.Release|Any CPU.ActiveCfg = Release|Any CPU
		{D9E3F338-D8CF-4C34-B3C9-FF2B00C85BD1}.Release|Any CPU.Build.0 = Release|Any CPU
		{054E710B-450E-433D-997B-DFB6FC89384A}.Debug|Any CPU.ActiveCfg = Debug|Any CPU
		{054E710B-450E-433D-997B-DFB6FC89384A}.Debug|Any CPU.Build.0 = Debug|Any CPU
		{054E710B-450E-433D-997B-DFB6FC89384A}.Release|Any CPU.ActiveCfg = Release|Any CPU
		{054E710B-450E-433D-997B-DFB6FC89384A}.Release|Any CPU.Build.0 = Release|Any CPU
		{AC104854-51F6-4030-BBC2-C39896897EB1}.Debug|Any CPU.ActiveCfg = Debug|Any CPU
		{AC104854-51F6-4030-BBC2-C39896897EB1}.Debug|Any CPU.Build.0 = Debug|Any CPU
		{AC104854-51F6-4030-BBC2-C39896897EB1}.Release|Any CPU.ActiveCfg = Release|Any CPU
		{AC104854-51F6-4030-BBC2-C39896897EB1}.Release|Any CPU.Build.0 = Release|Any CPU
		{A8F30CF6-3462-4C5F-B142-C5B0FABD6ECE}.Debug|Any CPU.ActiveCfg = Debug|Any CPU
		{A8F30CF6-3462-4C5F-B142-C5B0FABD6ECE}.Debug|Any CPU.Build.0 = Debug|Any CPU
		{A8F30CF6-3462-4C5F-B142-C5B0FABD6ECE}.Release|Any CPU.ActiveCfg = Release|Any CPU
		{A8F30CF6-3462-4C5F-B142-C5B0FABD6ECE}.Release|Any CPU.Build.0 = Release|Any CPU
		{C2FE712E-BD49-4D61-9BAA-7903E567A83A}.Debug|Any CPU.ActiveCfg = Debug|Any CPU
		{C2FE712E-BD49-4D61-9BAA-7903E567A83A}.Debug|Any CPU.Build.0 = Debug|Any CPU
		{C2FE712E-BD49-4D61-9BAA-7903E567A83A}.Release|Any CPU.ActiveCfg = Release|Any CPU
		{C2FE712E-BD49-4D61-9BAA-7903E567A83A}.Release|Any CPU.Build.0 = Release|Any CPU
		{3225FF69-B2BF-403D-A252-0EA910665D64}.Debug|Any CPU.ActiveCfg = Debug|Any CPU
		{3225FF69-B2BF-403D-A252-0EA910665D64}.Debug|Any CPU.Build.0 = Debug|Any CPU
		{3225FF69-B2BF-403D-A252-0EA910665D64}.Release|Any CPU.ActiveCfg = Release|Any CPU
		{3225FF69-B2BF-403D-A252-0EA910665D64}.Release|Any CPU.Build.0 = Release|Any CPU
	EndGlobalSection
	GlobalSection(SolutionProperties) = preSolution
		HideSolutionNode = FALSE
	EndGlobalSection
	GlobalSection(NestedProjects) = preSolution
		{D9E3F338-D8CF-4C34-B3C9-FF2B00C85BD1} = {7AD95285-9FA4-487D-B76A-C80D4177DD16}
		{054E710B-450E-433D-997B-DFB6FC89384A} = {36325943-A908-43C1-9DE2-6AB444F7442C}
		{AC104854-51F6-4030-BBC2-C39896897EB1} = {36325943-A908-43C1-9DE2-6AB444F7442C}
		{A8F30CF6-3462-4C5F-B142-C5B0FABD6ECE} = {6B0E1667-58FD-4BD3-805C-6F4252D047AC}
		{C2FE712E-BD49-4D61-9BAA-7903E567A83A} = {6B0E1667-58FD-4BD3-805C-6F4252D047AC}
		{3225FF69-B2BF-403D-A252-0EA910665D64} = {7AD95285-9FA4-487D-B76A-C80D4177DD16}
	EndGlobalSection
	GlobalSection(ExtensibilityGlobals) = postSolution
		SolutionGuid = {94920744-0C68-4567-9577-BCFDC7E4060C}
	EndGlobalSection
EndGlobal
